// !$*UTF8*$!
{
	archiveVersion = 1;
	classes = {
	};
	objectVersion = 55;
	objects = {

/* Begin PBXBuildFile section */
		F1201BDA2849F42E0050DD22 /* TonicDemoApp.swift in Sources */ = {isa = PBXBuildFile; fileRef = F1201BCA2849F42C0050DD22 /* TonicDemoApp.swift */; };
		F1201BDB2849F42E0050DD22 /* TonicDemoApp.swift in Sources */ = {isa = PBXBuildFile; fileRef = F1201BCA2849F42C0050DD22 /* TonicDemoApp.swift */; };
		F1201BDC2849F42E0050DD22 /* ContentView.swift in Sources */ = {isa = PBXBuildFile; fileRef = F1201BCB2849F42C0050DD22 /* ContentView.swift */; };
		F1201BDD2849F42E0050DD22 /* ContentView.swift in Sources */ = {isa = PBXBuildFile; fileRef = F1201BCB2849F42C0050DD22 /* ContentView.swift */; };
		F1201BDE2849F42E0050DD22 /* Assets.xcassets in Resources */ = {isa = PBXBuildFile; fileRef = F1201BCC2849F42E0050DD22 /* Assets.xcassets */; };
		F1201BDF2849F42E0050DD22 /* Assets.xcassets in Resources */ = {isa = PBXBuildFile; fileRef = F1201BCC2849F42E0050DD22 /* Assets.xcassets */; };
		F1201BEA2849F4920050DD22 /* Keyboard in Frameworks */ = {isa = PBXBuildFile; productRef = F1201BE92849F4920050DD22 /* Keyboard */; };
		F1201BED2849F49E0050DD22 /* Keyboard in Frameworks */ = {isa = PBXBuildFile; productRef = F1201BEC2849F49E0050DD22 /* Keyboard */; };
		F1201BF02849F4DC0050DD22 /* MIDIKit in Frameworks */ = {isa = PBXBuildFile; productRef = F1201BEF2849F4DC0050DD22 /* MIDIKit */; };
		F1201BF32849F5130050DD22 /* Tonic in Frameworks */ = {isa = PBXBuildFile; productRef = F1201BF22849F5130050DD22 /* Tonic */; };
		F1201BF42849F5200050DD22 /* TonicDemo.app in Resources */ = {isa = PBXBuildFile; fileRef = F1201BD72849F42E0050DD22 /* TonicDemo.app */; };
		F1201BF82849F5240050DD22 /* Tonic in Frameworks */ = {isa = PBXBuildFile; productRef = F1201BF72849F5240050DD22 /* Tonic */; };
		F1201BFA2849F5280050DD22 /* MIDIKit in Frameworks */ = {isa = PBXBuildFile; productRef = F1201BF92849F5280050DD22 /* MIDIKit */; };
		F1201C032849F5900050DD22 /* ChordIdentifier.swift in Sources */ = {isa = PBXBuildFile; fileRef = F1201C012849F5900050DD22 /* ChordIdentifier.swift */; };
		F1201C042849F5900050DD22 /* ChordIdentifier.swift in Sources */ = {isa = PBXBuildFile; fileRef = F1201C012849F5900050DD22 /* ChordIdentifier.swift */; };
		F1201C052849F5900050DD22 /* MIDIController.swift in Sources */ = {isa = PBXBuildFile; fileRef = F1201C022849F5900050DD22 /* MIDIController.swift */; };
		F1201C062849F5900050DD22 /* MIDIController.swift in Sources */ = {isa = PBXBuildFile; fileRef = F1201C022849F5900050DD22 /* MIDIController.swift */; };
/* End PBXBuildFile section */

/* Begin PBXContainerItemProxy section */
		F1201BF52849F5200050DD22 /* PBXContainerItemProxy */ = {
			isa = PBXContainerItemProxy;
			containerPortal = F1201BC52849F42C0050DD22 /* Project object */;
			proxyType = 1;
			remoteGlobalIDString = F1201BD62849F42E0050DD22;
			remoteInfo = "TonicDemo (macOS)";
		};
/* End PBXContainerItemProxy section */

/* Begin PBXFileReference section */
		F1201BCA2849F42C0050DD22 /* TonicDemoApp.swift */ = {isa = PBXFileReference; lastKnownFileType = sourcecode.swift; path = TonicDemoApp.swift; sourceTree = "<group>"; };
		F1201BCB2849F42C0050DD22 /* ContentView.swift */ = {isa = PBXFileReference; lastKnownFileType = sourcecode.swift; path = ContentView.swift; sourceTree = "<group>"; };
		F1201BCC2849F42E0050DD22 /* Assets.xcassets */ = {isa = PBXFileReference; lastKnownFileType = folder.assetcatalog; path = Assets.xcassets; sourceTree = "<group>"; };
		F1201BD12849F42E0050DD22 /* TonicDemo.app */ = {isa = PBXFileReference; explicitFileType = wrapper.application; includeInIndex = 0; path = TonicDemo.app; sourceTree = BUILT_PRODUCTS_DIR; };
		F1201BD72849F42E0050DD22 /* TonicDemo.app */ = {isa = PBXFileReference; explicitFileType = wrapper.application; includeInIndex = 0; path = TonicDemo.app; sourceTree = BUILT_PRODUCTS_DIR; };
		F1201BD92849F42E0050DD22 /* macOS.entitlements */ = {isa = PBXFileReference; lastKnownFileType = text.plist.entitlements; path = macOS.entitlements; sourceTree = "<group>"; };
		F1201C012849F5900050DD22 /* ChordIdentifier.swift */ = {isa = PBXFileReference; fileEncoding = 4; lastKnownFileType = sourcecode.swift; path = ChordIdentifier.swift; sourceTree = "<group>"; };
		F1201C022849F5900050DD22 /* MIDIController.swift */ = {isa = PBXFileReference; fileEncoding = 4; lastKnownFileType = sourcecode.swift; path = MIDIController.swift; sourceTree = "<group>"; };
		F1201C08284B48890050DD22 /* Tonic */ = {isa = PBXFileReference; lastKnownFileType = wrapper; name = Tonic; path = ..; sourceTree = "<group>"; };
/* End PBXFileReference section */

/* Begin PBXFrameworksBuildPhase section */
		F1201BCE2849F42E0050DD22 /* Frameworks */ = {
			isa = PBXFrameworksBuildPhase;
			buildActionMask = 2147483647;
			files = (
				F1201BFA2849F5280050DD22 /* MIDIKit in Frameworks */,
				F1201BF82849F5240050DD22 /* Tonic in Frameworks */,
				F1201BED2849F49E0050DD22 /* Keyboard in Frameworks */,
			);
			runOnlyForDeploymentPostprocessing = 0;
		};
		F1201BD42849F42E0050DD22 /* Frameworks */ = {
			isa = PBXFrameworksBuildPhase;
			buildActionMask = 2147483647;
			files = (
				F1201BF32849F5130050DD22 /* Tonic in Frameworks */,
				F1201BF02849F4DC0050DD22 /* MIDIKit in Frameworks */,
				F1201BEA2849F4920050DD22 /* Keyboard in Frameworks */,
			);
			runOnlyForDeploymentPostprocessing = 0;
		};
/* End PBXFrameworksBuildPhase section */

/* Begin PBXGroup section */
		F1201BC42849F42C0050DD22 = {
			isa = PBXGroup;
			children = (
				F1201C08284B48890050DD22 /* Tonic */,
				F1201BC92849F42C0050DD22 /* Shared */,
				F1201BD82849F42E0050DD22 /* macOS */,
				F1201BD22849F42E0050DD22 /* Products */,
				F1201BEB2849F49E0050DD22 /* Frameworks */,
			);
			sourceTree = "<group>";
		};
		F1201BC92849F42C0050DD22 /* Shared */ = {
			isa = PBXGroup;
			children = (
				F1201BCA2849F42C0050DD22 /* TonicDemoApp.swift */,
				F1201BCB2849F42C0050DD22 /* ContentView.swift */,
				F1201C012849F5900050DD22 /* ChordIdentifier.swift */,
				F1201C022849F5900050DD22 /* MIDIController.swift */,
				F1201BCC2849F42E0050DD22 /* Assets.xcassets */,
			);
			path = Shared;
			sourceTree = "<group>";
		};
		F1201BD22849F42E0050DD22 /* Products */ = {
			isa = PBXGroup;
			children = (
				F1201BD12849F42E0050DD22 /* TonicDemo.app */,
				F1201BD72849F42E0050DD22 /* TonicDemo.app */,
			);
			name = Products;
			sourceTree = "<group>";
		};
		F1201BD82849F42E0050DD22 /* macOS */ = {
			isa = PBXGroup;
			children = (
				F1201BD92849F42E0050DD22 /* macOS.entitlements */,
			);
			path = macOS;
			sourceTree = "<group>";
		};
		F1201BEB2849F49E0050DD22 /* Frameworks */ = {
			isa = PBXGroup;
			children = (
			);
			name = Frameworks;
			sourceTree = "<group>";
		};
/* End PBXGroup section */

/* Begin PBXNativeTarget section */
		F1201BD02849F42E0050DD22 /* TonicDemo (iOS) */ = {
			isa = PBXNativeTarget;
			buildConfigurationList = F1201BE22849F42E0050DD22 /* Build configuration list for PBXNativeTarget "TonicDemo (iOS)" */;
			buildPhases = (
				F1201BCD2849F42E0050DD22 /* Sources */,
				F1201BCE2849F42E0050DD22 /* Frameworks */,
				F1201BCF2849F42E0050DD22 /* Resources */,
			);
			buildRules = (
			);
			dependencies = (
				F1201BF62849F5200050DD22 /* PBXTargetDependency */,
			);
			name = "TonicDemo (iOS)";
			packageProductDependencies = (
				F1201BEC2849F49E0050DD22 /* Keyboard */,
				F1201BF72849F5240050DD22 /* Tonic */,
				F1201BF92849F5280050DD22 /* MIDIKit */,
			);
			productName = "TonicDemo (iOS)";
			productReference = F1201BD12849F42E0050DD22 /* TonicDemo.app */;
			productType = "com.apple.product-type.application";
		};
		F1201BD62849F42E0050DD22 /* TonicDemo (macOS) */ = {
			isa = PBXNativeTarget;
			buildConfigurationList = F1201BE52849F42E0050DD22 /* Build configuration list for PBXNativeTarget "TonicDemo (macOS)" */;
			buildPhases = (
				F1201BD32849F42E0050DD22 /* Sources */,
				F1201BD42849F42E0050DD22 /* Frameworks */,
				F1201BD52849F42E0050DD22 /* Resources */,
			);
			buildRules = (
			);
			dependencies = (
			);
			name = "TonicDemo (macOS)";
			packageProductDependencies = (
				F1201BE92849F4920050DD22 /* Keyboard */,
				F1201BEF2849F4DC0050DD22 /* MIDIKit */,
				F1201BF22849F5130050DD22 /* Tonic */,
			);
			productName = "TonicDemo (macOS)";
			productReference = F1201BD72849F42E0050DD22 /* TonicDemo.app */;
			productType = "com.apple.product-type.application";
		};
/* End PBXNativeTarget section */

/* Begin PBXProject section */
		F1201BC52849F42C0050DD22 /* Project object */ = {
			isa = PBXProject;
			attributes = {
				BuildIndependentTargetsInParallel = 1;
				LastSwiftUpdateCheck = 1340;
				LastUpgradeCheck = 1400;
				TargetAttributes = {
					F1201BD02849F42E0050DD22 = {
						CreatedOnToolsVersion = 13.4.1;
					};
					F1201BD62849F42E0050DD22 = {
						CreatedOnToolsVersion = 13.4.1;
					};
				};
			};
			buildConfigurationList = F1201BC82849F42C0050DD22 /* Build configuration list for PBXProject "TonicDemo" */;
			compatibilityVersion = "Xcode 13.0";
			developmentRegion = en;
			hasScannedForEncodings = 0;
			knownRegions = (
				en,
				Base,
			);
			mainGroup = F1201BC42849F42C0050DD22;
			packageReferences = (
				F1201BE82849F4920050DD22 /* XCRemoteSwiftPackageReference "Keyboard" */,
				F1201BEE2849F4DC0050DD22 /* XCRemoteSwiftPackageReference "MIDIKit" */,
				F1201BF12849F5130050DD22 /* XCRemoteSwiftPackageReference "Tonic" */,
			);
			productRefGroup = F1201BD22849F42E0050DD22 /* Products */;
			projectDirPath = "";
			projectRoot = "";
			targets = (
				F1201BD02849F42E0050DD22 /* TonicDemo (iOS) */,
				F1201BD62849F42E0050DD22 /* TonicDemo (macOS) */,
			);
		};
/* End PBXProject section */

/* Begin PBXResourcesBuildPhase section */
		F1201BCF2849F42E0050DD22 /* Resources */ = {
			isa = PBXResourcesBuildPhase;
			buildActionMask = 2147483647;
			files = (
				F1201BF42849F5200050DD22 /* TonicDemo.app in Resources */,
				F1201BDE2849F42E0050DD22 /* Assets.xcassets in Resources */,
			);
			runOnlyForDeploymentPostprocessing = 0;
		};
		F1201BD52849F42E0050DD22 /* Resources */ = {
			isa = PBXResourcesBuildPhase;
			buildActionMask = 2147483647;
			files = (
				F1201BDF2849F42E0050DD22 /* Assets.xcassets in Resources */,
			);
			runOnlyForDeploymentPostprocessing = 0;
		};
/* End PBXResourcesBuildPhase section */

/* Begin PBXSourcesBuildPhase section */
		F1201BCD2849F42E0050DD22 /* Sources */ = {
			isa = PBXSourcesBuildPhase;
			buildActionMask = 2147483647;
			files = (
				F1201BDC2849F42E0050DD22 /* ContentView.swift in Sources */,
				F1201BDA2849F42E0050DD22 /* TonicDemoApp.swift in Sources */,
				F1201C052849F5900050DD22 /* MIDIController.swift in Sources */,
				F1201C032849F5900050DD22 /* ChordIdentifier.swift in Sources */,
			);
			runOnlyForDeploymentPostprocessing = 0;
		};
		F1201BD32849F42E0050DD22 /* Sources */ = {
			isa = PBXSourcesBuildPhase;
			buildActionMask = 2147483647;
			files = (
				F1201BDD2849F42E0050DD22 /* ContentView.swift in Sources */,
				F1201BDB2849F42E0050DD22 /* TonicDemoApp.swift in Sources */,
				F1201C062849F5900050DD22 /* MIDIController.swift in Sources */,
				F1201C042849F5900050DD22 /* ChordIdentifier.swift in Sources */,
			);
			runOnlyForDeploymentPostprocessing = 0;
		};
/* End PBXSourcesBuildPhase section */

/* Begin PBXTargetDependency section */
		F1201BF62849F5200050DD22 /* PBXTargetDependency */ = {
			isa = PBXTargetDependency;
			target = F1201BD62849F42E0050DD22 /* TonicDemo (macOS) */;
			targetProxy = F1201BF52849F5200050DD22 /* PBXContainerItemProxy */;
		};
/* End PBXTargetDependency section */

/* Begin XCBuildConfiguration section */
		F1201BE02849F42E0050DD22 /* Debug */ = {
			isa = XCBuildConfiguration;
			buildSettings = {
				ALWAYS_SEARCH_USER_PATHS = NO;
				CLANG_ANALYZER_NONNULL = YES;
				CLANG_ANALYZER_NUMBER_OBJECT_CONVERSION = YES_AGGRESSIVE;
				CLANG_CXX_LANGUAGE_STANDARD = "gnu++17";
				CLANG_ENABLE_MODULES = YES;
				CLANG_ENABLE_OBJC_ARC = YES;
				CLANG_ENABLE_OBJC_WEAK = YES;
				CLANG_WARN_BLOCK_CAPTURE_AUTORELEASING = YES;
				CLANG_WARN_BOOL_CONVERSION = YES;
				CLANG_WARN_COMMA = YES;
				CLANG_WARN_CONSTANT_CONVERSION = YES;
				CLANG_WARN_DEPRECATED_OBJC_IMPLEMENTATIONS = YES;
				CLANG_WARN_DIRECT_OBJC_ISA_USAGE = YES_ERROR;
				CLANG_WARN_DOCUMENTATION_COMMENTS = YES;
				CLANG_WARN_EMPTY_BODY = YES;
				CLANG_WARN_ENUM_CONVERSION = YES;
				CLANG_WARN_INFINITE_RECURSION = YES;
				CLANG_WARN_INT_CONVERSION = YES;
				CLANG_WARN_NON_LITERAL_NULL_CONVERSION = YES;
				CLANG_WARN_OBJC_IMPLICIT_RETAIN_SELF = YES;
				CLANG_WARN_OBJC_LITERAL_CONVERSION = YES;
				CLANG_WARN_OBJC_ROOT_CLASS = YES_ERROR;
				CLANG_WARN_QUOTED_INCLUDE_IN_FRAMEWORK_HEADER = YES;
				CLANG_WARN_RANGE_LOOP_ANALYSIS = YES;
				CLANG_WARN_STRICT_PROTOTYPES = YES;
				CLANG_WARN_SUSPICIOUS_MOVE = YES;
				CLANG_WARN_UNGUARDED_AVAILABILITY = YES_AGGRESSIVE;
				CLANG_WARN_UNREACHABLE_CODE = YES;
				CLANG_WARN__DUPLICATE_METHOD_MATCH = YES;
				COPY_PHASE_STRIP = NO;
				DEAD_CODE_STRIPPING = YES;
				DEBUG_INFORMATION_FORMAT = dwarf;
				ENABLE_STRICT_OBJC_MSGSEND = YES;
				ENABLE_TESTABILITY = YES;
				GCC_C_LANGUAGE_STANDARD = gnu11;
				GCC_DYNAMIC_NO_PIC = NO;
				GCC_NO_COMMON_BLOCKS = YES;
				GCC_OPTIMIZATION_LEVEL = 0;
				GCC_PREPROCESSOR_DEFINITIONS = (
					"DEBUG=1",
					"$(inherited)",
				);
				GCC_WARN_64_TO_32_BIT_CONVERSION = YES;
				GCC_WARN_ABOUT_RETURN_TYPE = YES_ERROR;
				GCC_WARN_UNDECLARED_SELECTOR = YES;
				GCC_WARN_UNINITIALIZED_AUTOS = YES_AGGRESSIVE;
				GCC_WARN_UNUSED_FUNCTION = YES;
				GCC_WARN_UNUSED_VARIABLE = YES;
				MTL_ENABLE_DEBUG_INFO = INCLUDE_SOURCE;
				MTL_FAST_MATH = YES;
				ONLY_ACTIVE_ARCH = YES;
				SWIFT_ACTIVE_COMPILATION_CONDITIONS = DEBUG;
				SWIFT_OPTIMIZATION_LEVEL = "-Onone";
			};
			name = Debug;
		};
		F1201BE12849F42E0050DD22 /* Release */ = {
			isa = XCBuildConfiguration;
			buildSettings = {
				ALWAYS_SEARCH_USER_PATHS = NO;
				CLANG_ANALYZER_NONNULL = YES;
				CLANG_ANALYZER_NUMBER_OBJECT_CONVERSION = YES_AGGRESSIVE;
				CLANG_CXX_LANGUAGE_STANDARD = "gnu++17";
				CLANG_ENABLE_MODULES = YES;
				CLANG_ENABLE_OBJC_ARC = YES;
				CLANG_ENABLE_OBJC_WEAK = YES;
				CLANG_WARN_BLOCK_CAPTURE_AUTORELEASING = YES;
				CLANG_WARN_BOOL_CONVERSION = YES;
				CLANG_WARN_COMMA = YES;
				CLANG_WARN_CONSTANT_CONVERSION = YES;
				CLANG_WARN_DEPRECATED_OBJC_IMPLEMENTATIONS = YES;
				CLANG_WARN_DIRECT_OBJC_ISA_USAGE = YES_ERROR;
				CLANG_WARN_DOCUMENTATION_COMMENTS = YES;
				CLANG_WARN_EMPTY_BODY = YES;
				CLANG_WARN_ENUM_CONVERSION = YES;
				CLANG_WARN_INFINITE_RECURSION = YES;
				CLANG_WARN_INT_CONVERSION = YES;
				CLANG_WARN_NON_LITERAL_NULL_CONVERSION = YES;
				CLANG_WARN_OBJC_IMPLICIT_RETAIN_SELF = YES;
				CLANG_WARN_OBJC_LITERAL_CONVERSION = YES;
				CLANG_WARN_OBJC_ROOT_CLASS = YES_ERROR;
				CLANG_WARN_QUOTED_INCLUDE_IN_FRAMEWORK_HEADER = YES;
				CLANG_WARN_RANGE_LOOP_ANALYSIS = YES;
				CLANG_WARN_STRICT_PROTOTYPES = YES;
				CLANG_WARN_SUSPICIOUS_MOVE = YES;
				CLANG_WARN_UNGUARDED_AVAILABILITY = YES_AGGRESSIVE;
				CLANG_WARN_UNREACHABLE_CODE = YES;
				CLANG_WARN__DUPLICATE_METHOD_MATCH = YES;
				COPY_PHASE_STRIP = NO;
				DEAD_CODE_STRIPPING = YES;
				DEBUG_INFORMATION_FORMAT = "dwarf-with-dsym";
				ENABLE_NS_ASSERTIONS = NO;
				ENABLE_STRICT_OBJC_MSGSEND = YES;
				GCC_C_LANGUAGE_STANDARD = gnu11;
				GCC_NO_COMMON_BLOCKS = YES;
				GCC_WARN_64_TO_32_BIT_CONVERSION = YES;
				GCC_WARN_ABOUT_RETURN_TYPE = YES_ERROR;
				GCC_WARN_UNDECLARED_SELECTOR = YES;
				GCC_WARN_UNINITIALIZED_AUTOS = YES_AGGRESSIVE;
				GCC_WARN_UNUSED_FUNCTION = YES;
				GCC_WARN_UNUSED_VARIABLE = YES;
				MTL_ENABLE_DEBUG_INFO = NO;
				MTL_FAST_MATH = YES;
				SWIFT_COMPILATION_MODE = wholemodule;
				SWIFT_OPTIMIZATION_LEVEL = "-O";
			};
			name = Release;
		};
		F1201BE32849F42E0050DD22 /* Debug */ = {
			isa = XCBuildConfiguration;
			buildSettings = {
				ASSETCATALOG_COMPILER_APPICON_NAME = AppIcon;
				ASSETCATALOG_COMPILER_GLOBAL_ACCENT_COLOR_NAME = AccentColor;
				CODE_SIGN_STYLE = Automatic;
				CURRENT_PROJECT_VERSION = 1;
				DEVELOPMENT_TEAM = W22K9JG3J6;
				ENABLE_PREVIEWS = YES;
				GENERATE_INFOPLIST_FILE = YES;
				INFOPLIST_KEY_UIApplicationSceneManifest_Generation = YES;
				INFOPLIST_KEY_UIApplicationSupportsIndirectInputEvents = YES;
				INFOPLIST_KEY_UILaunchScreen_Generation = YES;
				INFOPLIST_KEY_UISupportedInterfaceOrientations_iPad = "UIInterfaceOrientationPortrait UIInterfaceOrientationPortraitUpsideDown UIInterfaceOrientationLandscapeLeft UIInterfaceOrientationLandscapeRight";
				INFOPLIST_KEY_UISupportedInterfaceOrientations_iPhone = "UIInterfaceOrientationPortrait UIInterfaceOrientationLandscapeLeft UIInterfaceOrientationLandscapeRight";
				IPHONEOS_DEPLOYMENT_TARGET = 15.0;
				LD_RUNPATH_SEARCH_PATHS = (
					"$(inherited)",
					"@executable_path/Frameworks",
				);
				MARKETING_VERSION = 1.0;
				PRODUCT_BUNDLE_IDENTIFIER = io.audiokit.TonicDemo;
				PRODUCT_NAME = TonicDemo;
				SDKROOT = iphoneos;
				SWIFT_EMIT_LOC_STRINGS = YES;
				SWIFT_VERSION = 5.0;
				TARGETED_DEVICE_FAMILY = "1,2";
			};
			name = Debug;
		};
		F1201BE42849F42E0050DD22 /* Release */ = {
			isa = XCBuildConfiguration;
			buildSettings = {
				ASSETCATALOG_COMPILER_APPICON_NAME = AppIcon;
				ASSETCATALOG_COMPILER_GLOBAL_ACCENT_COLOR_NAME = AccentColor;
				CODE_SIGN_STYLE = Automatic;
				CURRENT_PROJECT_VERSION = 1;
				DEVELOPMENT_TEAM = W22K9JG3J6;
				ENABLE_PREVIEWS = YES;
				GENERATE_INFOPLIST_FILE = YES;
				INFOPLIST_KEY_UIApplicationSceneManifest_Generation = YES;
				INFOPLIST_KEY_UIApplicationSupportsIndirectInputEvents = YES;
				INFOPLIST_KEY_UILaunchScreen_Generation = YES;
				INFOPLIST_KEY_UISupportedInterfaceOrientations_iPad = "UIInterfaceOrientationPortrait UIInterfaceOrientationPortraitUpsideDown UIInterfaceOrientationLandscapeLeft UIInterfaceOrientationLandscapeRight";
				INFOPLIST_KEY_UISupportedInterfaceOrientations_iPhone = "UIInterfaceOrientationPortrait UIInterfaceOrientationLandscapeLeft UIInterfaceOrientationLandscapeRight";
				IPHONEOS_DEPLOYMENT_TARGET = 15.0;
				LD_RUNPATH_SEARCH_PATHS = (
					"$(inherited)",
					"@executable_path/Frameworks",
				);
				MARKETING_VERSION = 1.0;
				PRODUCT_BUNDLE_IDENTIFIER = io.audiokit.TonicDemo;
				PRODUCT_NAME = TonicDemo;
				SDKROOT = iphoneos;
				SWIFT_EMIT_LOC_STRINGS = YES;
				SWIFT_VERSION = 5.0;
				TARGETED_DEVICE_FAMILY = "1,2";
				VALIDATE_PRODUCT = YES;
			};
			name = Release;
		};
		F1201BE62849F42E0050DD22 /* Debug */ = {
			isa = XCBuildConfiguration;
			buildSettings = {
				ASSETCATALOG_COMPILER_APPICON_NAME = AppIcon;
				ASSETCATALOG_COMPILER_GLOBAL_ACCENT_COLOR_NAME = AccentColor;
				CODE_SIGN_ENTITLEMENTS = macOS/macOS.entitlements;
				CODE_SIGN_IDENTITY = "-";
				CODE_SIGN_STYLE = Automatic;
				COMBINE_HIDPI_IMAGES = YES;
				CURRENT_PROJECT_VERSION = 1;
				DEAD_CODE_STRIPPING = YES;
				DEVELOPMENT_TEAM = W22K9JG3J6;
				ENABLE_HARDENED_RUNTIME = YES;
				ENABLE_PREVIEWS = YES;
				GENERATE_INFOPLIST_FILE = YES;
				INFOPLIST_KEY_NSHumanReadableCopyright = "";
				LD_RUNPATH_SEARCH_PATHS = (
					"$(inherited)",
					"@executable_path/../Frameworks",
				);
				MACOSX_DEPLOYMENT_TARGET = 12.3;
				MARKETING_VERSION = 1.0;
				PRODUCT_BUNDLE_IDENTIFIER = io.audiokit.TonicDemo;
				PRODUCT_NAME = TonicDemo;
				SDKROOT = macosx;
				SWIFT_EMIT_LOC_STRINGS = YES;
				SWIFT_VERSION = 5.0;
			};
			name = Debug;
		};
		F1201BE72849F42E0050DD22 /* Release */ = {
			isa = XCBuildConfiguration;
			buildSettings = {
				ASSETCATALOG_COMPILER_APPICON_NAME = AppIcon;
				ASSETCATALOG_COMPILER_GLOBAL_ACCENT_COLOR_NAME = AccentColor;
				CODE_SIGN_ENTITLEMENTS = macOS/macOS.entitlements;
				CODE_SIGN_IDENTITY = "-";
				CODE_SIGN_STYLE = Automatic;
				COMBINE_HIDPI_IMAGES = YES;
				CURRENT_PROJECT_VERSION = 1;
				DEAD_CODE_STRIPPING = YES;
				DEVELOPMENT_TEAM = W22K9JG3J6;
				ENABLE_HARDENED_RUNTIME = YES;
				ENABLE_PREVIEWS = YES;
				GENERATE_INFOPLIST_FILE = YES;
				INFOPLIST_KEY_NSHumanReadableCopyright = "";
				LD_RUNPATH_SEARCH_PATHS = (
					"$(inherited)",
					"@executable_path/../Frameworks",
				);
				MACOSX_DEPLOYMENT_TARGET = 12.3;
				MARKETING_VERSION = 1.0;
				PRODUCT_BUNDLE_IDENTIFIER = io.audiokit.TonicDemo;
				PRODUCT_NAME = TonicDemo;
				SDKROOT = macosx;
				SWIFT_EMIT_LOC_STRINGS = YES;
				SWIFT_VERSION = 5.0;
			};
			name = Release;
		};
/* End XCBuildConfiguration section */

/* Begin XCConfigurationList section */
		F1201BC82849F42C0050DD22 /* Build configuration list for PBXProject "TonicDemo" */ = {
			isa = XCConfigurationList;
			buildConfigurations = (
				F1201BE02849F42E0050DD22 /* Debug */,
				F1201BE12849F42E0050DD22 /* Release */,
			);
			defaultConfigurationIsVisible = 0;
			defaultConfigurationName = Release;
		};
		F1201BE22849F42E0050DD22 /* Build configuration list for PBXNativeTarget "TonicDemo (iOS)" */ = {
			isa = XCConfigurationList;
			buildConfigurations = (
				F1201BE32849F42E0050DD22 /* Debug */,
				F1201BE42849F42E0050DD22 /* Release */,
			);
			defaultConfigurationIsVisible = 0;
			defaultConfigurationName = Release;
		};
		F1201BE52849F42E0050DD22 /* Build configuration list for PBXNativeTarget "TonicDemo (macOS)" */ = {
			isa = XCConfigurationList;
			buildConfigurations = (
				F1201BE62849F42E0050DD22 /* Debug */,
				F1201BE72849F42E0050DD22 /* Release */,
			);
			defaultConfigurationIsVisible = 0;
			defaultConfigurationName = Release;
		};
/* End XCConfigurationList section */

/* Begin XCRemoteSwiftPackageReference section */
		F1201BE82849F4920050DD22 /* XCRemoteSwiftPackageReference "Keyboard" */ = {
			isa = XCRemoteSwiftPackageReference;
			repositoryURL = "https://github.com/audiokit/Keyboard";
			requirement = {
				kind = exactVersion;
				version = 1.3.6;
			};
		};
		F1201BEE2849F4DC0050DD22 /* XCRemoteSwiftPackageReference "MIDIKit" */ = {
			isa = XCRemoteSwiftPackageReference;
			repositoryURL = "https://github.com/orchetect/MIDIKit";
			requirement = {
				kind = upToNextMajorVersion;
				minimumVersion = 0.4.8;
			};
		};
		F1201BF12849F5130050DD22 /* XCRemoteSwiftPackageReference "Tonic" */ = {
			isa = XCRemoteSwiftPackageReference;
			repositoryURL = "https://github.com/audiokit/Tonic";
			requirement = {
				branch = main;
				kind = branch;
			};
		};
/* End XCRemoteSwiftPackageReference section */

/* Begin XCSwiftPackageProductDependency section */
		F1201BE92849F4920050DD22 /* Keyboard */ = {
			isa = XCSwiftPackageProductDependency;
			package = F1201BE82849F4920050DD22 /* XCRemoteSwiftPackageReference "Keyboard" */;
			productName = Keyboard;
		};
		F1201BEC2849F49E0050DD22 /* Keyboard */ = {
			isa = XCSwiftPackageProductDependency;
			package = F1201BE82849F4920050DD22 /* XCRemoteSwiftPackageReference "Keyboard" */;
			productName = Keyboard;
		};
		F1201BEF2849F4DC0050DD22 /* MIDIKit */ = {
			isa = XCSwiftPackageProductDependency;
			package = F1201BEE2849F4DC0050DD22 /* XCRemoteSwiftPackageReference "MIDIKit" */;
			productName = MIDIKit;
		};
		F1201BF22849F5130050DD22 /* Tonic */ = {
			isa = XCSwiftPackageProductDependency;
			package = F1201BF12849F5130050DD22 /* XCRemoteSwiftPackageReference "Tonic" */;
			productName = Tonic;
		};
		F1201BF72849F5240050DD22 /* Tonic */ = {
			isa = XCSwiftPackageProductDependency;
			package = F1201BF12849F5130050DD22 /* XCRemoteSwiftPackageReference "Tonic" */;
			productName = Tonic;
		};
		F1201BF92849F5280050DD22 /* MIDIKit */ = {
			isa = XCSwiftPackageProductDependency;
			package = F1201BEE2849F4DC0050DD22 /* XCRemoteSwiftPackageReference "MIDIKit" */;
			productName = MIDIKit;
		};
/* End XCSwiftPackageProductDependency section */
	};
	rootObject = F1201BC52849F42C0050DD22 /* Project object */;
}
