{
  "object": {
    "pins": [
      {
        "package": "Keyboard",
        "repositoryURL": "https://github.com/audiokit/Keyboard",
        "state": {
          "branch": "main",
          "revision": "a19fd275871cbaa4f80b87e5566c1c1fc0560d7b",
          "version": null
        }
      },
      {
        "package": "MIDIKit",
        "repositoryURL": "https://github.com/orchetect/MIDIKit",
        "state": {
          "branch": null,
          "revision": "80baa7a57debd6982389f03bb7c8634c291df7ef",
          "version": "0.6.1"
        }
      },
      {
        "package": "TimecodeKit",
        "repositoryURL": "https://github.com/orchetect/TimecodeKit",
        "state": {
          "branch": null,
          "revision": "4159255c40aca9b99b327a1cf6a0ae75d4487e3c",
          "version": "1.3.1"
        }
      }
    ]
  },
  "version": 1
}
