{
  "object": {
    "pins": [
      {
        "package": "Keyboard",
        "repositoryURL": "https://github.com/audiokit/Keyboard",
        "state": {
          "branch": "main",
          "revision": "5f9024edbc8c56d9592511e42229c3d3d7c4a732",
          "version": null
        }
      },
      {
        "package": "MIDIKit",
        "repositoryURL": "https://github.com/orchetect/MIDIKit",
        "state": {
          "branch": null,
          "revision": "747439420f604f69ff085ed2f71873afa433a940",
          "version": "0.4.8"
        }
      },
      {
        "package": "SwiftRadix",
        "repositoryURL": "https://github.com/orchetect/SwiftRadix",
        "state": {
          "branch": null,
          "revision": "467ea909bce637049fe2b6ccf1494886efcdf1e8",
          "version": "1.1.0"
        }
      }
    ]
  },
  "version": 1
}
