{
  "pins" : [
    {
      "identity" : "keyboard",
      "kind" : "remoteSourceControl",
      "location" : "https://github.com/audiokit/Keyboard",
      "state" : {
        "branch" : "main",
        "revision" : "07f4d92103fabdbc8623c6daba8871364289b695"
      }
    },
    {
      "identity" : "midikit",
      "kind" : "remoteSourceControl",
      "location" : "https://github.com/orchetect/MIDIKit",
      "state" : {
        "revision" : "747439420f604f69ff085ed2f71873afa433a940",
        "version" : "0.4.8"
      }
    },
    {
      "identity" : "swiftradix",
      "kind" : "remoteSourceControl",
      "location" : "https://github.com/orchetect/SwiftRadix",
      "state" : {
        "revision" : "467ea909bce637049fe2b6ccf1494886efcdf1e8",
        "version" : "1.1.0"
      }
    },
    {
      "identity" : "tonic",
      "kind" : "remoteSourceControl",
      "location" : "https://github.com/audulus/Tonic",
      "state" : {
        "branch" : "main",
        "revision" : "17eb8493473f905a87a4ae44a8a1c4d0df912ce4"
      }
    }
  ],
  "version" : 2
}
